
Microsoft Visual Studio Solution File, Format Version 12.00
# Visual Studio Version 17
VisualStudioVersion = 17.0.31903.59
MinimumVisualStudioVersion = 10.0.40219.1
Project("{9A19103F-16F7-4668-BE54-9A1E7A4F7556}") = "Web_953503_Alshanikov", "Web_953503_Alshanikov\Web_953503_Alshanikov.csproj", "{321E5D9E-B4E4-4C06-846B-CD9B0A887A32}"
EndProject
Project("{FAE04EC0-301F-11D3-BF4B-00C04F79EFBC}") = "Web_953503_Alshanikov.Blazor.Server", "Web_953503_Alshanikov.Blazor\Server\Web_953503_Alshanikov.Blazor.Server.csproj", "{FB2DFADE-711C-48EF-9999-A71237EF3460}"
EndProject
Project("{FAE04EC0-301F-11D3-BF4B-00C04F79EFBC}") = "Web_953503_Alshanikov.Blazor.Client", "Web_953503_Alshanikov.Blazor\Client\Web_953503_Alshanikov.Blazor.Client.csproj", "{1EFACCFE-380B-4AFA-881F-10338884A79F}"
EndProject
Project("{FAE04EC0-301F-11D3-BF4B-00C04F79EFBC}") = "Web_953503_Alshanikov.Blazor.Shared", "Web_953503_Alshanikov.Blazor\Shared\Web_953503_Alshanikov.Blazor.Shared.csproj", "{7B3E7C63-A421-4EB4-AE51-D96BBF5599ED}"
EndProject
Global
	GlobalSection(SolutionConfigurationPlatforms) = preSolution
		Debug|Any CPU = Debug|Any CPU
		Release|Any CPU = Release|Any CPU
	EndGlobalSection
	GlobalSection(ProjectConfigurationPlatforms) = postSolution
		{321E5D9E-B4E4-4C06-846B-CD9B0A887A32}.Debug|Any CPU.ActiveCfg = Debug|Any CPU
		{321E5D9E-B4E4-4C06-846B-CD9B0A887A32}.Debug|Any CPU.Build.0 = Debug|Any CPU
		{321E5D9E-B4E4-4C06-846B-CD9B0A887A32}.Release|Any CPU.ActiveCfg = Release|Any CPU
		{321E5D9E-B4E4-4C06-846B-CD9B0A887A32}.Release|Any CPU.Build.0 = Release|Any CPU
		{FB2DFADE-711C-48EF-9999-A71237EF3460}.Debug|Any CPU.ActiveCfg = Debug|Any CPU
		{FB2DFADE-711C-48EF-9999-A71237EF3460}.Debug|Any CPU.Build.0 = Debug|Any CPU
		{FB2DFADE-711C-48EF-9999-A71237EF3460}.Release|Any CPU.ActiveCfg = Release|Any CPU
		{FB2DFADE-711C-48EF-9999-A71237EF3460}.Release|Any CPU.Build.0 = Release|Any CPU
		{1EFACCFE-380B-4AFA-881F-10338884A79F}.Debug|Any CPU.ActiveCfg = Debug|Any CPU
		{1EFACCFE-380B-4AFA-881F-10338884A79F}.Debug|Any CPU.Build.0 = Debug|Any CPU
		{1EFACCFE-380B-4AFA-881F-10338884A79F}.Release|Any CPU.ActiveCfg = Release|Any CPU
		{1EFACCFE-380B-4AFA-881F-10338884A79F}.Release|Any CPU.Build.0 = Release|Any CPU
		{7B3E7C63-A421-4EB4-AE51-D96BBF5599ED}.Debug|Any CPU.ActiveCfg = Debug|Any CPU
		{7B3E7C63-A421-4EB4-AE51-D96BBF5599ED}.Debug|Any CPU.Build.0 = Debug|Any CPU
		{7B3E7C63-A421-4EB4-AE51-D96BBF5599ED}.Release|Any CPU.ActiveCfg = Release|Any CPU
		{7B3E7C63-A421-4EB4-AE51-D96BBF5599ED}.Release|Any CPU.Build.0 = Release|Any CPU
	EndGlobalSection
	GlobalSection(SolutionProperties) = preSolution
		HideSolutionNode = FALSE
	EndGlobalSection
	GlobalSection(ExtensibilityGlobals) = postSolution
		SolutionGuid = {B0811760-ADE1-4DAB-B305-4B12176445F7}
	EndGlobalSection
EndGlobal
